# THIS IS AN AUTOGENERATED FILE. DO NOT EDIT THIS FILE DIRECTLY.
# yarn lockfile v1


centra@^2.2.1:
  version "2.4.0"
  resolved "https://registry.yarnpkg.com/centra/-/centra-2.4.0.tgz#53846f97db27705e9f90c46e0f824f6eb697e2d1"
  integrity sha512-AWmF3EHNe/noJHviynZOrdnUuQzT5AMgl9nJPXGvnzGXrI2ZvNDrEcdqskc4EtQwt2Q1IggXb0OXy7zZ1Xvvew==

phin@^3.4.1:
  version "3.4.1"
  resolved "https://registry.yarnpkg.com/phin/-/phin-3.4.1.tgz#b023d14fa86fc6e4b40b6d0dfd5fe478c9c1bbb8"
  integrity sha512-NkBCNRPxeyrgaPlWx4DHTAdca3s2LkvIBiiG6RoSbykcOtW/pA/7rUP/67FPIinvbo7h+HENST/vJ17LdRNUdw==
  dependencies:
    centra "^2.2.1"
